
Microsoft Visual Studio Solution File, Format Version 12.00
# Visual Studio 2012
Project("{FAE04EC0-301F-11D3-BF4B-00C04F79EFBC}") = "DragonCombatSimulator", "DragonCombatSimulator\DragonCombatSimulator.csproj", "{2612B6CD-20C5-48DB-97F1-E62487E477CD}"
EndProject
Global
	GlobalSection(SolutionConfigurationPlatforms) = preSolution
		Debug|Any CPU = Debug|Any CPU
		Release|Any CPU = Release|Any CPU
	EndGlobalSection
	GlobalSection(ProjectConfigurationPlatforms) = postSolution
		{2612B6CD-20C5-48DB-97F1-E62487E477CD}.Debug|Any CPU.ActiveCfg = Debug|Any CPU
		{2612B6CD-20C5-48DB-97F1-E62487E477CD}.Debug|Any CPU.Build.0 = Debug|Any CPU
		{2612B6CD-20C5-48DB-97F1-E62487E477CD}.Release|Any CPU.ActiveCfg = Release|Any CPU
		{2612B6CD-20C5-48DB-97F1-E62487E477CD}.Release|Any CPU.Build.0 = Release|Any CPU
	EndGlobalSection
	GlobalSection(SolutionProperties) = preSolution
		HideSolutionNode = FALSE
	EndGlobalSection
EndGlobal
